
Microsoft Visual Studio Solution File, Format Version 12.00
# Visual Studio Version 16
VisualStudioVersion = 16.0.32630.194
MinimumVisualStudioVersion = 10.0.40219.1
Project("{FAE04EC0-301F-11D3-BF4B-00C04F79EFBC}") = "ImageMerging", "OpenCV4_Processing\ImageMerging.csproj", "{E1C7C103-6F69-49C8-8090-869261D93849}"
EndProject
Global
	GlobalSection(SolutionConfigurationPlatforms) = preSolution
		Debug|Any CPU = Debug|Any CPU
		Release|Any CPU = Release|Any CPU
	EndGlobalSection
	GlobalSection(ProjectConfigurationPlatforms) = postSolution
		{E1C7C103-6F69-49C8-8090-869261D93849}.Debug|Any CPU.ActiveCfg = Debug|Any CPU
		{E1C7C103-6F69-49C8-8090-869261D93849}.Debug|Any CPU.Build.0 = Debug|Any CPU
		{E1C7C103-6F69-49C8-8090-869261D93849}.Release|Any CPU.ActiveCfg = Release|Any CPU
		{E1C7C103-6F69-49C8-8090-869261D93849}.Release|Any CPU.Build.0 = Release|Any CPU
	EndGlobalSection
	GlobalSection(SolutionProperties) = preSolution
		HideSolutionNode = FALSE
	EndGlobalSection
	GlobalSection(ExtensibilityGlobals) = postSolution
		SolutionGuid = {28AE22DB-037C-4C15-8561-A951D666E421}
	EndGlobalSection
EndGlobal
