
Microsoft Visual Studio Solution File, Format Version 12.00
# Visual Studio Version 16
VisualStudioVersion = 16.0.32630.194
MinimumVisualStudioVersion = 10.0.40219.1
Project("{FAE04EC0-301F-11D3-BF4B-00C04F79EFBC}") = "ImageMerging", "OpenCV4_Processing\ImageMerging.csproj", "{E1C7C103-6F69-49C8-8090-869261D93849}"
EndProject
Project("{FAE04EC0-301F-11D3-BF4B-00C04F79EFBC}") = "HoughlineTest", "HoughlineTest\HoughlineTest.csproj", "{006C7935-8E0A-4299-BBD8-5981FD105541}"
EndProject
Project("{FAE04EC0-301F-11D3-BF4B-00C04F79EFBC}") = "Gamma", "Gamma\Gamma.csproj", "{3CB90556-47BA-4E65-AB38-FE8B892D112F}"
EndProject
Project("{FAE04EC0-301F-11D3-BF4B-00C04F79EFBC}") = "WarpPerspective", "WarpPerspective\WarpPerspective.csproj", "{F64D8574-A980-457D-8C89-E96D188CD11F}"
EndProject
Project("{FAE04EC0-301F-11D3-BF4B-00C04F79EFBC}") = "TemplateMatching", "TemplateMatching\TemplateMatching.csproj", "{E9B06D8C-2FAC-4C51-A3FB-048B357C7E10}"
EndProject
Project("{FAE04EC0-301F-11D3-BF4B-00C04F79EFBC}") = "RemoveBackground", "RemoveBackground\RemoveBackground.csproj", "{319AB34A-714A-4593-AC60-4283B2AB08F0}"
EndProject
Global
	GlobalSection(SolutionConfigurationPlatforms) = preSolution
		Debug|Any CPU = Debug|Any CPU
		Release|Any CPU = Release|Any CPU
	EndGlobalSection
	GlobalSection(ProjectConfigurationPlatforms) = postSolution
		{E1C7C103-6F69-49C8-8090-869261D93849}.Debug|Any CPU.ActiveCfg = Debug|Any CPU
		{E1C7C103-6F69-49C8-8090-869261D93849}.Debug|Any CPU.Build.0 = Debug|Any CPU
		{E1C7C103-6F69-49C8-8090-869261D93849}.Release|Any CPU.ActiveCfg = Release|Any CPU
		{E1C7C103-6F69-49C8-8090-869261D93849}.Release|Any CPU.Build.0 = Release|Any CPU
		{006C7935-8E0A-4299-BBD8-5981FD105541}.Debug|Any CPU.ActiveCfg = Debug|Any CPU
		{006C7935-8E0A-4299-BBD8-5981FD105541}.Debug|Any CPU.Build.0 = Debug|Any CPU
		{006C7935-8E0A-4299-BBD8-5981FD105541}.Release|Any CPU.ActiveCfg = Release|Any CPU
		{006C7935-8E0A-4299-BBD8-5981FD105541}.Release|Any CPU.Build.0 = Release|Any CPU
		{3CB90556-47BA-4E65-AB38-FE8B892D112F}.Debug|Any CPU.ActiveCfg = Debug|Any CPU
		{3CB90556-47BA-4E65-AB38-FE8B892D112F}.Debug|Any CPU.Build.0 = Debug|Any CPU
		{3CB90556-47BA-4E65-AB38-FE8B892D112F}.Release|Any CPU.ActiveCfg = Release|Any CPU
		{3CB90556-47BA-4E65-AB38-FE8B892D112F}.Release|Any CPU.Build.0 = Release|Any CPU
		{F64D8574-A980-457D-8C89-E96D188CD11F}.Debug|Any CPU.ActiveCfg = Debug|Any CPU
		{F64D8574-A980-457D-8C89-E96D188CD11F}.Debug|Any CPU.Build.0 = Debug|Any CPU
		{F64D8574-A980-457D-8C89-E96D188CD11F}.Release|Any CPU.ActiveCfg = Release|Any CPU
		{F64D8574-A980-457D-8C89-E96D188CD11F}.Release|Any CPU.Build.0 = Release|Any CPU
		{E9B06D8C-2FAC-4C51-A3FB-048B357C7E10}.Debug|Any CPU.ActiveCfg = Debug|Any CPU
		{E9B06D8C-2FAC-4C51-A3FB-048B357C7E10}.Debug|Any CPU.Build.0 = Debug|Any CPU
		{E9B06D8C-2FAC-4C51-A3FB-048B357C7E10}.Release|Any CPU.ActiveCfg = Release|Any CPU
		{E9B06D8C-2FAC-4C51-A3FB-048B357C7E10}.Release|Any CPU.Build.0 = Release|Any CPU
		{319AB34A-714A-4593-AC60-4283B2AB08F0}.Debug|Any CPU.ActiveCfg = Debug|Any CPU
		{319AB34A-714A-4593-AC60-4283B2AB08F0}.Debug|Any CPU.Build.0 = Debug|Any CPU
		{319AB34A-714A-4593-AC60-4283B2AB08F0}.Release|Any CPU.ActiveCfg = Release|Any CPU
		{319AB34A-714A-4593-AC60-4283B2AB08F0}.Release|Any CPU.Build.0 = Release|Any CPU
	EndGlobalSection
	GlobalSection(SolutionProperties) = preSolution
		HideSolutionNode = FALSE
	EndGlobalSection
	GlobalSection(ExtensibilityGlobals) = postSolution
		SolutionGuid = {28AE22DB-037C-4C15-8561-A951D666E421}
	EndGlobalSection
EndGlobal
